// !$*UTF8*$!
{
	archiveVersion = 1;
	classes = {
	};
	objectVersion = 56;
	objects = {

/* Begin PBXBuildFile section */
		61AE63062977C43E0081B3D3 /* HandPlayingApp.swift in Sources */ = {isa = PBXBuildFile; fileRef = 61AE63052977C43E0081B3D3 /* HandPlayingApp.swift */; };
		61AE63082977C43E0081B3D3 /* ContentView.swift in Sources */ = {isa = PBXBuildFile; fileRef = 61AE63072977C43E0081B3D3 /* ContentView.swift */; };
		61AE630A2977C43F0081B3D3 /* Assets.xcassets in Resources */ = {isa = PBXBuildFile; fileRef = 61AE63092977C43F0081B3D3 /* Assets.xcassets */; };
		61AE630D2977C43F0081B3D3 /* Preview Assets.xcassets in Resources */ = {isa = PBXBuildFile; fileRef = 61AE630C2977C43F0081B3D3 /* Preview Assets.xcassets */; };
		61AE63162977C9300081B3D3 /* CameraViewController.swift in Sources */ = {isa = PBXBuildFile; fileRef = 61AE63152977C9300081B3D3 /* CameraViewController.swift */; };
		61AE63182977C94A0081B3D3 /* CameraView.swift in Sources */ = {isa = PBXBuildFile; fileRef = 61AE63172977C94A0081B3D3 /* CameraView.swift */; };
		61AE631A2977C9650081B3D3 /* CameraPreview.swift in Sources */ = {isa = PBXBuildFile; fileRef = 61AE63192977C9640081B3D3 /* CameraPreview.swift */; };
		61AE631C2977D64E0081B3D3 /* SceneKitLayer.swift in Sources */ = {isa = PBXBuildFile; fileRef = 61AE631B2977D64E0081B3D3 /* SceneKitLayer.swift */; };
		61AE631E2977D6670081B3D3 /* ParticleProtocol.swift in Sources */ = {isa = PBXBuildFile; fileRef = 61AE631D2977D6670081B3D3 /* ParticleProtocol.swift */; };
		61AE63202977D6740081B3D3 /* Particles.swift in Sources */ = {isa = PBXBuildFile; fileRef = 61AE631F2977D6740081B3D3 /* Particles.swift */; };
/* End PBXBuildFile section */

/* Begin PBXFileReference section */
		61AE63022977C43E0081B3D3 /* HandPlaying.app */ = {isa = PBXFileReference; explicitFileType = wrapper.application; includeInIndex = 0; path = HandPlaying.app; sourceTree = BUILT_PRODUCTS_DIR; };
		61AE63052977C43E0081B3D3 /* HandPlayingApp.swift */ = {isa = PBXFileReference; lastKnownFileType = sourcecode.swift; path = HandPlayingApp.swift; sourceTree = "<group>"; };
		61AE63072977C43E0081B3D3 /* ContentView.swift */ = {isa = PBXFileReference; lastKnownFileType = sourcecode.swift; path = ContentView.swift; sourceTree = "<group>"; };
		61AE63092977C43F0081B3D3 /* Assets.xcassets */ = {isa = PBXFileReference; lastKnownFileType = folder.assetcatalog; path = Assets.xcassets; sourceTree = "<group>"; };
		61AE630C2977C43F0081B3D3 /* Preview Assets.xcassets */ = {isa = PBXFileReference; lastKnownFileType = folder.assetcatalog; path = "Preview Assets.xcassets"; sourceTree = "<group>"; };
		61AE63152977C9300081B3D3 /* CameraViewController.swift */ = {isa = PBXFileReference; lastKnownFileType = sourcecode.swift; path = CameraViewController.swift; sourceTree = "<group>"; };
		61AE63172977C94A0081B3D3 /* CameraView.swift */ = {isa = PBXFileReference; lastKnownFileType = sourcecode.swift; path = CameraView.swift; sourceTree = "<group>"; };
		61AE63192977C9640081B3D3 /* CameraPreview.swift */ = {isa = PBXFileReference; lastKnownFileType = sourcecode.swift; path = CameraPreview.swift; sourceTree = "<group>"; };
		61AE631B2977D64E0081B3D3 /* SceneKitLayer.swift */ = {isa = PBXFileReference; lastKnownFileType = sourcecode.swift; path = SceneKitLayer.swift; sourceTree = "<group>"; };
		61AE631D2977D6670081B3D3 /* ParticleProtocol.swift */ = {isa = PBXFileReference; lastKnownFileType = sourcecode.swift; path = ParticleProtocol.swift; sourceTree = "<group>"; };
		61AE631F2977D6740081B3D3 /* Particles.swift */ = {isa = PBXFileReference; lastKnownFileType = sourcecode.swift; path = Particles.swift; sourceTree = "<group>"; };
/* End PBXFileReference section */

/* Begin PBXFrameworksBuildPhase section */
		61AE62FF2977C43E0081B3D3 /* Frameworks */ = {
			isa = PBXFrameworksBuildPhase;
			buildActionMask = 2147483647;
			files = (
			);
			runOnlyForDeploymentPostprocessing = 0;
		};
/* End PBXFrameworksBuildPhase section */

/* Begin PBXGroup section */
		61AE62F92977C43E0081B3D3 = {
			isa = PBXGroup;
			children = (
				61AE63042977C43E0081B3D3 /* HandPlaying */,
				61AE63032977C43E0081B3D3 /* Products */,
			);
			sourceTree = "<group>";
		};
		61AE63032977C43E0081B3D3 /* Products */ = {
			isa = PBXGroup;
			children = (
				61AE63022977C43E0081B3D3 /* HandPlaying.app */,
			);
			name = Products;
			sourceTree = "<group>";
		};
		61AE63042977C43E0081B3D3 /* HandPlaying */ = {
			isa = PBXGroup;
			children = (
				61AE63052977C43E0081B3D3 /* HandPlayingApp.swift */,
				61AE63072977C43E0081B3D3 /* ContentView.swift */,
				61AE63152977C9300081B3D3 /* CameraViewController.swift */,
				61AE63192977C9640081B3D3 /* CameraPreview.swift */,
				61AE63172977C94A0081B3D3 /* CameraView.swift */,
				61AE631B2977D64E0081B3D3 /* SceneKitLayer.swift */,
				61AE631D2977D6670081B3D3 /* ParticleProtocol.swift */,
				61AE631F2977D6740081B3D3 /* Particles.swift */,
				61AE63092977C43F0081B3D3 /* Assets.xcassets */,
				61AE630B2977C43F0081B3D3 /* Preview Content */,
			);
			path = HandPlaying;
			sourceTree = "<group>";
		};
		61AE630B2977C43F0081B3D3 /* Preview Content */ = {
			isa = PBXGroup;
			children = (
				61AE630C2977C43F0081B3D3 /* Preview Assets.xcassets */,
			);
			path = "Preview Content";
			sourceTree = "<group>";
		};
/* End PBXGroup section */

/* Begin PBXNativeTarget section */
		61AE63012977C43E0081B3D3 /* HandPlaying */ = {
			isa = PBXNativeTarget;
			buildConfigurationList = 61AE63102977C43F0081B3D3 /* Build configuration list for PBXNativeTarget "HandPlaying" */;
			buildPhases = (
				61AE62FE2977C43E0081B3D3 /* Sources */,
				61AE62FF2977C43E0081B3D3 /* Frameworks */,
				61AE63002977C43E0081B3D3 /* Resources */,
			);
			buildRules = (
			);
			dependencies = (
			);
			name = HandPlaying;
			productName = HandPlaying;
			productReference = 61AE63022977C43E0081B3D3 /* HandPlaying.app */;
			productType = "com.apple.product-type.application";
		};
/* End PBXNativeTarget section */

/* Begin PBXProject section */
		61AE62FA2977C43E0081B3D3 /* Project object */ = {
			isa = PBXProject;
			attributes = {
				BuildIndependentTargetsInParallel = 1;
				LastSwiftUpdateCheck = 1410;
				LastUpgradeCheck = 1410;
				TargetAttributes = {
					61AE63012977C43E0081B3D3 = {
						CreatedOnToolsVersion = 14.1;
					};
				};
			};
			buildConfigurationList = 61AE62FD2977C43E0081B3D3 /* Build configuration list for PBXProject "HandPlaying" */;
			compatibilityVersion = "Xcode 14.0";
			developmentRegion = en;
			hasScannedForEncodings = 0;
			knownRegions = (
				en,
				Base,
			);
			mainGroup = 61AE62F92977C43E0081B3D3;
			productRefGroup = 61AE63032977C43E0081B3D3 /* Products */;
			projectDirPath = "";
			projectRoot = "";
			targets = (
				61AE63012977C43E0081B3D3 /* HandPlaying */,
			);
		};
/* End PBXProject section */

/* Begin PBXResourcesBuildPhase section */
		61AE63002977C43E0081B3D3 /* Resources */ = {
			isa = PBXResourcesBuildPhase;
			buildActionMask = 2147483647;
			files = (
				61AE630D2977C43F0081B3D3 /* Preview Assets.xcassets in Resources */,
				61AE630A2977C43F0081B3D3 /* Assets.xcassets in Resources */,
			);
			runOnlyForDeploymentPostprocessing = 0;
		};
/* End PBXResourcesBuildPhase section */

/* Begin PBXSourcesBuildPhase section */
		61AE62FE2977C43E0081B3D3 /* Sources */ = {
			isa = PBXSourcesBuildPhase;
			buildActionMask = 2147483647;
			files = (
				61AE631A2977C9650081B3D3 /* CameraPreview.swift in Sources */,
				61AE63202977D6740081B3D3 /* Particles.swift in Sources */,
				61AE631C2977D64E0081B3D3 /* SceneKitLayer.swift in Sources */,
				61AE63082977C43E0081B3D3 /* ContentView.swift in Sources */,
				61AE63062977C43E0081B3D3 /* HandPlayingApp.swift in Sources */,
				61AE63162977C9300081B3D3 /* CameraViewController.swift in Sources */,
				61AE63182977C94A0081B3D3 /* CameraView.swift in Sources */,
				61AE631E2977D6670081B3D3 /* ParticleProtocol.swift in Sources */,
			);
			runOnlyForDeploymentPostprocessing = 0;
		};
/* End PBXSourcesBuildPhase section */

/* Begin XCBuildConfiguration section */
		61AE630E2977C43F0081B3D3 /* Debug */ = {
			isa = XCBuildConfiguration;
			buildSettings = {
				ALWAYS_SEARCH_USER_PATHS = NO;
				CLANG_ANALYZER_NONNULL = YES;
				CLANG_ANALYZER_NUMBER_OBJECT_CONVERSION = YES_AGGRESSIVE;
				CLANG_CXX_LANGUAGE_STANDARD = "gnu++20";
				CLANG_ENABLE_MODULES = YES;
				CLANG_ENABLE_OBJC_ARC = YES;
				CLANG_ENABLE_OBJC_WEAK = YES;
				CLANG_WARN_BLOCK_CAPTURE_AUTORELEASING = YES;
				CLANG_WARN_BOOL_CONVERSION = YES;
				CLANG_WARN_COMMA = YES;
				CLANG_WARN_CONSTANT_CONVERSION = YES;
				CLANG_WARN_DEPRECATED_OBJC_IMPLEMENTATIONS = YES;
				CLANG_WARN_DIRECT_OBJC_ISA_USAGE = YES_ERROR;
				CLANG_WARN_DOCUMENTATION_COMMENTS = YES;
				CLANG_WARN_EMPTY_BODY = YES;
				CLANG_WARN_ENUM_CONVERSION = YES;
				CLANG_WARN_INFINITE_RECURSION = YES;
				CLANG_WARN_INT_CONVERSION = YES;
				CLANG_WARN_NON_LITERAL_NULL_CONVERSION = YES;
				CLANG_WARN_OBJC_IMPLICIT_RETAIN_SELF = YES;
				CLANG_WARN_OBJC_LITERAL_CONVERSION = YES;
				CLANG_WARN_OBJC_ROOT_CLASS = YES_ERROR;
				CLANG_WARN_QUOTED_INCLUDE_IN_FRAMEWORK_HEADER = YES;
				CLANG_WARN_RANGE_LOOP_ANALYSIS = YES;
				CLANG_WARN_STRICT_PROTOTYPES = YES;
				CLANG_WARN_SUSPICIOUS_MOVE = YES;
				CLANG_WARN_UNGUARDED_AVAILABILITY = YES_AGGRESSIVE;
				CLANG_WARN_UNREACHABLE_CODE = YES;
				CLANG_WARN__DUPLICATE_METHOD_MATCH = YES;
				COPY_PHASE_STRIP = NO;
				DEBUG_INFORMATION_FORMAT = dwarf;
				ENABLE_STRICT_OBJC_MSGSEND = YES;
				ENABLE_TESTABILITY = YES;
				GCC_C_LANGUAGE_STANDARD = gnu11;
				GCC_DYNAMIC_NO_PIC = NO;
				GCC_NO_COMMON_BLOCKS = YES;
				GCC_OPTIMIZATION_LEVEL = 0;
				GCC_PREPROCESSOR_DEFINITIONS = (
					"DEBUG=1",
					"$(inherited)",
				);
				GCC_WARN_64_TO_32_BIT_CONVERSION = YES;
				GCC_WARN_ABOUT_RETURN_TYPE = YES_ERROR;
				GCC_WARN_UNDECLARED_SELECTOR = YES;
				GCC_WARN_UNINITIALIZED_AUTOS = YES_AGGRESSIVE;
				GCC_WARN_UNUSED_FUNCTION = YES;
				GCC_WARN_UNUSED_VARIABLE = YES;
				IPHONEOS_DEPLOYMENT_TARGET = 16.1;
				MTL_ENABLE_DEBUG_INFO = INCLUDE_SOURCE;
				MTL_FAST_MATH = YES;
				ONLY_ACTIVE_ARCH = YES;
				SDKROOT = iphoneos;
				SWIFT_ACTIVE_COMPILATION_CONDITIONS = DEBUG;
				SWIFT_OPTIMIZATION_LEVEL = "-Onone";
			};
			name = Debug;
		};
		61AE630F2977C43F0081B3D3 /* Release */ = {
			isa = XCBuildConfiguration;
			buildSettings = {
				ALWAYS_SEARCH_USER_PATHS = NO;
				CLANG_ANALYZER_NONNULL = YES;
				CLANG_ANALYZER_NUMBER_OBJECT_CONVERSION = YES_AGGRESSIVE;
				CLANG_CXX_LANGUAGE_STANDARD = "gnu++20";
				CLANG_ENABLE_MODULES = YES;
				CLANG_ENABLE_OBJC_ARC = YES;
				CLANG_ENABLE_OBJC_WEAK = YES;
				CLANG_WARN_BLOCK_CAPTURE_AUTORELEASING = YES;
				CLANG_WARN_BOOL_CONVERSION = YES;
				CLANG_WARN_COMMA = YES;
				CLANG_WARN_CONSTANT_CONVERSION = YES;
				CLANG_WARN_DEPRECATED_OBJC_IMPLEMENTATIONS = YES;
				CLANG_WARN_DIRECT_OBJC_ISA_USAGE = YES_ERROR;
				CLANG_WARN_DOCUMENTATION_COMMENTS = YES;
				CLANG_WARN_EMPTY_BODY = YES;
				CLANG_WARN_ENUM_CONVERSION = YES;
				CLANG_WARN_INFINITE_RECURSION = YES;
				CLANG_WARN_INT_CONVERSION = YES;
				CLANG_WARN_NON_LITERAL_NULL_CONVERSION = YES;
				CLANG_WARN_OBJC_IMPLICIT_RETAIN_SELF = YES;
				CLANG_WARN_OBJC_LITERAL_CONVERSION = YES;
				CLANG_WARN_OBJC_ROOT_CLASS = YES_ERROR;
				CLANG_WARN_QUOTED_INCLUDE_IN_FRAMEWORK_HEADER = YES;
				CLANG_WARN_RANGE_LOOP_ANALYSIS = YES;
				CLANG_WARN_STRICT_PROTOTYPES = YES;
				CLANG_WARN_SUSPICIOUS_MOVE = YES;
				CLANG_WARN_UNGUARDED_AVAILABILITY = YES_AGGRESSIVE;
				CLANG_WARN_UNREACHABLE_CODE = YES;
				CLANG_WARN__DUPLICATE_METHOD_MATCH = YES;
				COPY_PHASE_STRIP = NO;
				DEBUG_INFORMATION_FORMAT = "dwarf-with-dsym";
				ENABLE_NS_ASSERTIONS = NO;
				ENABLE_STRICT_OBJC_MSGSEND = YES;
				GCC_C_LANGUAGE_STANDARD = gnu11;
				GCC_NO_COMMON_BLOCKS = YES;
				GCC_WARN_64_TO_32_BIT_CONVERSION = YES;
				GCC_WARN_ABOUT_RETURN_TYPE = YES_ERROR;
				GCC_WARN_UNDECLARED_SELECTOR = YES;
				GCC_WARN_UNINITIALIZED_AUTOS = YES_AGGRESSIVE;
				GCC_WARN_UNUSED_FUNCTION = YES;
				GCC_WARN_UNUSED_VARIABLE = YES;
				IPHONEOS_DEPLOYMENT_TARGET = 16.1;
				MTL_ENABLE_DEBUG_INFO = NO;
				MTL_FAST_MATH = YES;
				SDKROOT = iphoneos;
				SWIFT_COMPILATION_MODE = wholemodule;
				SWIFT_OPTIMIZATION_LEVEL = "-O";
				VALIDATE_PRODUCT = YES;
			};
			name = Release;
		};
		61AE63112977C43F0081B3D3 /* Debug */ = {
			isa = XCBuildConfiguration;
			buildSettings = {
				ASSETCATALOG_COMPILER_APPICON_NAME = AppIcon;
				ASSETCATALOG_COMPILER_GLOBAL_ACCENT_COLOR_NAME = AccentColor;
				CODE_SIGN_STYLE = Automatic;
				CURRENT_PROJECT_VERSION = 1;
				DEVELOPMENT_ASSET_PATHS = "\"HandPlaying/Preview Content\"";
				DEVELOPMENT_TEAM = FL98HY8592;
				ENABLE_PREVIEWS = YES;
				GENERATE_INFOPLIST_FILE = YES;
				INFOPLIST_KEY_NSCameraUsageDescription = "I want to see you";
				INFOPLIST_KEY_UIApplicationSceneManifest_Generation = YES;
				INFOPLIST_KEY_UIApplicationSupportsIndirectInputEvents = YES;
				INFOPLIST_KEY_UILaunchScreen_Generation = YES;
				INFOPLIST_KEY_UISupportedInterfaceOrientations_iPad = "UIInterfaceOrientationPortrait UIInterfaceOrientationPortraitUpsideDown UIInterfaceOrientationLandscapeLeft UIInterfaceOrientationLandscapeRight";
				INFOPLIST_KEY_UISupportedInterfaceOrientations_iPhone = "UIInterfaceOrientationPortrait UIInterfaceOrientationLandscapeLeft UIInterfaceOrientationLandscapeRight";
				LD_RUNPATH_SEARCH_PATHS = (
					"$(inherited)",
					"@executable_path/Frameworks",
				);
				MARKETING_VERSION = 1.0;
				PRODUCT_BUNDLE_IDENTIFIER = itpw.HandPlaying;
				PRODUCT_NAME = "$(TARGET_NAME)";
				SWIFT_EMIT_LOC_STRINGS = YES;
				SWIFT_VERSION = 5.0;
				TARGETED_DEVICE_FAMILY = "1,2";
			};
			name = Debug;
		};
		61AE63122977C43F0081B3D3 /* Release */ = {
			isa = XCBuildConfiguration;
			buildSettings = {
				ASSETCATALOG_COMPILER_APPICON_NAME = AppIcon;
				ASSETCATALOG_COMPILER_GLOBAL_ACCENT_COLOR_NAME = AccentColor;
				CODE_SIGN_STYLE = Automatic;
				CURRENT_PROJECT_VERSION = 1;
				DEVELOPMENT_ASSET_PATHS = "\"HandPlaying/Preview Content\"";
				DEVELOPMENT_TEAM = FL98HY8592;
				ENABLE_PREVIEWS = YES;
				GENERATE_INFOPLIST_FILE = YES;
				INFOPLIST_KEY_NSCameraUsageDescription = "I want to see you";
				INFOPLIST_KEY_UIApplicationSceneManifest_Generation = YES;
				INFOPLIST_KEY_UIApplicationSupportsIndirectInputEvents = YES;
				INFOPLIST_KEY_UILaunchScreen_Generation = YES;
				INFOPLIST_KEY_UISupportedInterfaceOrientations_iPad = "UIInterfaceOrientationPortrait UIInterfaceOrientationPortraitUpsideDown UIInterfaceOrientationLandscapeLeft UIInterfaceOrientationLandscapeRight";
				INFOPLIST_KEY_UISupportedInterfaceOrientations_iPhone = "UIInterfaceOrientationPortrait UIInterfaceOrientationLandscapeLeft UIInterfaceOrientationLandscapeRight";
				LD_RUNPATH_SEARCH_PATHS = (
					"$(inherited)",
					"@executable_path/Frameworks",
				);
				MARKETING_VERSION = 1.0;
				PRODUCT_BUNDLE_IDENTIFIER = itpw.HandPlaying;
				PRODUCT_NAME = "$(TARGET_NAME)";
				SWIFT_EMIT_LOC_STRINGS = YES;
				SWIFT_VERSION = 5.0;
				TARGETED_DEVICE_FAMILY = "1,2";
			};
			name = Release;
		};
/* End XCBuildConfiguration section */

/* Begin XCConfigurationList section */
		61AE62FD2977C43E0081B3D3 /* Build configuration list for PBXProject "HandPlaying" */ = {
			isa = XCConfigurationList;
			buildConfigurations = (
				61AE630E2977C43F0081B3D3 /* Debug */,
				61AE630F2977C43F0081B3D3 /* Release */,
			);
			defaultConfigurationIsVisible = 0;
			defaultConfigurationName = Release;
		};
		61AE63102977C43F0081B3D3 /* Build configuration list for PBXNativeTarget "HandPlaying" */ = {
			isa = XCConfigurationList;
			buildConfigurations = (
				61AE63112977C43F0081B3D3 /* Debug */,
				61AE63122977C43F0081B3D3 /* Release */,
			);
			defaultConfigurationIsVisible = 0;
			defaultConfigurationName = Release;
		};
/* End XCConfigurationList section */
	};
	rootObject = 61AE62FA2977C43E0081B3D3 /* Project object */;
}
